
Microsoft Visual Studio Solution File, Format Version 12.00
# Visual Studio Version 17
VisualStudioVersion = 17.3.32922.545
MinimumVisualStudioVersion = 10.0.40219.1
Project("{FAE04EC0-301F-11D3-BF4B-00C04F79EFBC}") = "OnlineQuestionnaireApplication", "OnlineQuestionnaireApplication\OnlineQuestionnaireApplication.csproj", "{BDCEA11E-8B98-4297-AFEE-1CCDB282AB99}"
EndProject
Global
	GlobalSection(SolutionConfigurationPlatforms) = preSolution
		Debug|Any CPU = Debug|Any CPU
		Release|Any CPU = Release|Any CPU
	EndGlobalSection
	GlobalSection(ProjectConfigurationPlatforms) = postSolution
		{BDCEA11E-8B98-4297-AFEE-1CCDB282AB99}.Debug|Any CPU.ActiveCfg = Debug|Any CPU
		{BDCEA11E-8B98-4297-AFEE-1CCDB282AB99}.Debug|Any CPU.Build.0 = Debug|Any CPU
		{BDCEA11E-8B98-4297-AFEE-1CCDB282AB99}.Release|Any CPU.ActiveCfg = Release|Any CPU
		{BDCEA11E-8B98-4297-AFEE-1CCDB282AB99}.Release|Any CPU.Build.0 = Release|Any CPU
	EndGlobalSection
	GlobalSection(SolutionProperties) = preSolution
		HideSolutionNode = FALSE
	EndGlobalSection
	GlobalSection(ExtensibilityGlobals) = postSolution
		SolutionGuid = {3EEE553B-A99D-4BF9-9FB2-02783069F8EC}
	EndGlobalSection
EndGlobal
