
Microsoft Visual Studio Solution File, Format Version 12.00
# Visual Studio Version 17
VisualStudioVersion = 17.3.32922.545
MinimumVisualStudioVersion = 10.0.40219.1
Project("{FAE04EC0-301F-11D3-BF4B-00C04F79EFBC}") = "FoodOrderingApplication", "FoodOrderingApplication\FoodOrderingApplication.csproj", "{ABDDA80C-D80F-4FF0-8E86-AD579D8549A8}"
EndProject
Project("{FAE04EC0-301F-11D3-BF4B-00C04F79EFBC}") = "FoodAppLogics", "FoodAppLogics\FoodAppLogics.csproj", "{1CF7B896-5C9A-485A-A240-4B4E30B9CD5A}"
EndProject
Project("{FAE04EC0-301F-11D3-BF4B-00C04F79EFBC}") = "FoodRepository", "FoodRepository\FoodRepository.csproj", "{257A3594-BB91-4382-AC78-32A9CE8330D2}"
EndProject
Global
	GlobalSection(SolutionConfigurationPlatforms) = preSolution
		Debug|Any CPU = Debug|Any CPU
		Release|Any CPU = Release|Any CPU
	EndGlobalSection
	GlobalSection(ProjectConfigurationPlatforms) = postSolution
		{ABDDA80C-D80F-4FF0-8E86-AD579D8549A8}.Debug|Any CPU.ActiveCfg = Debug|Any CPU
		{ABDDA80C-D80F-4FF0-8E86-AD579D8549A8}.Debug|Any CPU.Build.0 = Debug|Any CPU
		{ABDDA80C-D80F-4FF0-8E86-AD579D8549A8}.Release|Any CPU.ActiveCfg = Release|Any CPU
		{ABDDA80C-D80F-4FF0-8E86-AD579D8549A8}.Release|Any CPU.Build.0 = Release|Any CPU
		{1CF7B896-5C9A-485A-A240-4B4E30B9CD5A}.Debug|Any CPU.ActiveCfg = Debug|Any CPU
		{1CF7B896-5C9A-485A-A240-4B4E30B9CD5A}.Debug|Any CPU.Build.0 = Debug|Any CPU
		{1CF7B896-5C9A-485A-A240-4B4E30B9CD5A}.Release|Any CPU.ActiveCfg = Release|Any CPU
		{1CF7B896-5C9A-485A-A240-4B4E30B9CD5A}.Release|Any CPU.Build.0 = Release|Any CPU
		{257A3594-BB91-4382-AC78-32A9CE8330D2}.Debug|Any CPU.ActiveCfg = Debug|Any CPU
		{257A3594-BB91-4382-AC78-32A9CE8330D2}.Debug|Any CPU.Build.0 = Debug|Any CPU
		{257A3594-BB91-4382-AC78-32A9CE8330D2}.Release|Any CPU.ActiveCfg = Release|Any CPU
		{257A3594-BB91-4382-AC78-32A9CE8330D2}.Release|Any CPU.Build.0 = Release|Any CPU
	EndGlobalSection
	GlobalSection(SolutionProperties) = preSolution
		HideSolutionNode = FALSE
	EndGlobalSection
	GlobalSection(ExtensibilityGlobals) = postSolution
		SolutionGuid = {E9E1C796-7CCC-4D7E-8592-647E2F324467}
	EndGlobalSection
EndGlobal
